// !$*UTF8*$!
{
	archiveVersion = 1;
	classes = {
	};
	objectVersion = 51;
	objects = {

/* Begin PBXBuildFile section */
		1815B76225C0596400FE9235 /* CoinData.swift in Sources */ = {isa = PBXBuildFile; fileRef = 1815B76125C0596400FE9235 /* CoinData.swift */; };
		1815B76625C0596B00FE9235 /* ChartData.swift in Sources */ = {isa = PBXBuildFile; fileRef = 1815B76525C0596B00FE9235 /* ChartData.swift */; };
		1815B76925C0597300FE9235 /* Article.swift in Sources */ = {isa = PBXBuildFile; fileRef = 1815B76825C0597300FE9235 /* Article.swift */; };
		1815B76E25C05BA100FE9235 /* NetworkManager.swift in Sources */ = {isa = PBXBuildFile; fileRef = 1815B76D25C05BA100FE9235 /* NetworkManager.swift */; };
		1833380B25C7691600CFFB7F /* ChartDetailViewModel.swift in Sources */ = {isa = PBXBuildFile; fileRef = 1833380A25C7691600CFFB7F /* ChartDetailViewModel.swift */; };
		1833380E25C773B300CFFB7F /* ChartCardCellViewModel.swift in Sources */ = {isa = PBXBuildFile; fileRef = 1833380D25C773B300CFFB7F /* ChartCardCellViewModel.swift */; };
		1833381225C77B3100CFFB7F /* ChartListViewModel.swift in Sources */ = {isa = PBXBuildFile; fileRef = 1833381125C77B3100CFFB7F /* ChartListViewModel.swift */; };
		1844DA7F25B78B6F001D3467 /* Chart.storyboard in Resources */ = {isa = PBXBuildFile; fileRef = 1844DA7D25B78B6F001D3467 /* Chart.storyboard */; };
		1844DA8225B78B8D001D3467 /* News.storyboard in Resources */ = {isa = PBXBuildFile; fileRef = 1844DA8125B78B8D001D3467 /* News.storyboard */; };
		1844DA8625B78B9D001D3467 /* Setting.storyboard in Resources */ = {isa = PBXBuildFile; fileRef = 1844DA8425B78B9D001D3467 /* Setting.storyboard */; };
		1844DA8925B79982001D3467 /* UIColor.swift in Sources */ = {isa = PBXBuildFile; fileRef = 1844DA8825B79982001D3467 /* UIColor.swift */; };
		186815E225C438AC00516C5B /* ChartXAxisValueFormatter.swift in Sources */ = {isa = PBXBuildFile; fileRef = 186815E125C438AC00516C5B /* ChartXAxisValueFormatter.swift */; };
		186815E525C440F600516C5B /* ChartCardCell.swift in Sources */ = {isa = PBXBuildFile; fileRef = 186815E425C440F600516C5B /* ChartCardCell.swift */; };
		187C19A425B63BFD00FD8770 /* AppDelegate.swift in Sources */ = {isa = PBXBuildFile; fileRef = 187C19A325B63BFD00FD8770 /* AppDelegate.swift */; };
		187C19A625B63BFD00FD8770 /* SceneDelegate.swift in Sources */ = {isa = PBXBuildFile; fileRef = 187C19A525B63BFD00FD8770 /* SceneDelegate.swift */; };
		187C19AB25B63BFD00FD8770 /* Main.storyboard in Resources */ = {isa = PBXBuildFile; fileRef = 187C19A925B63BFD00FD8770 /* Main.storyboard */; };
		187C19AD25B63BFE00FD8770 /* Assets.xcassets in Resources */ = {isa = PBXBuildFile; fileRef = 187C19AC25B63BFE00FD8770 /* Assets.xcassets */; };
		187C19B025B63BFE00FD8770 /* LaunchScreen.storyboard in Resources */ = {isa = PBXBuildFile; fileRef = 187C19AE25B63BFE00FD8770 /* LaunchScreen.storyboard */; };
		187C19B925B640A700FD8770 /* ChartListViewController.swift in Sources */ = {isa = PBXBuildFile; fileRef = 187C19B825B640A700FD8770 /* ChartListViewController.swift */; };
		187C19BC25B640B100FD8770 /* NewsViewController.swift in Sources */ = {isa = PBXBuildFile; fileRef = 187C19BB25B640B100FD8770 /* NewsViewController.swift */; };
		187C19BF25B640BA00FD8770 /* SettingViewController.swift in Sources */ = {isa = PBXBuildFile; fileRef = 187C19BE25B640BA00FD8770 /* SettingViewController.swift */; };
		187C19C525B6412900FD8770 /* ChartDetailViewController.swift in Sources */ = {isa = PBXBuildFile; fileRef = 187C19C425B6412900FD8770 /* ChartDetailViewController.swift */; };
		187DF00E25C100F90046F437 /* EndPoint.swift in Sources */ = {isa = PBXBuildFile; fileRef = 187DF00D25C100F90046F437 /* EndPoint.swift */; };
		187DF01225C101080046F437 /* Request.swift in Sources */ = {isa = PBXBuildFile; fileRef = 187DF01125C101080046F437 /* Request.swift */; };
		187DF01525C104D80046F437 /* CoinListRequest.swift in Sources */ = {isa = PBXBuildFile; fileRef = 187DF01425C104D80046F437 /* CoinListRequest.swift */; };
		187DF01825C105C20046F437 /* CoinChartDataRequest.swift in Sources */ = {isa = PBXBuildFile; fileRef = 187DF01725C105C20046F437 /* CoinChartDataRequest.swift */; };
		187DF01B25C106090046F437 /* Period.swift in Sources */ = {isa = PBXBuildFile; fileRef = 187DF01A25C106090046F437 /* Period.swift */; };
		187DF01E25C107CD0046F437 /* NewsListRequest.swift in Sources */ = {isa = PBXBuildFile; fileRef = 187DF01D25C107CD0046F437 /* NewsListRequest.swift */; };
		188C7D4A25C6F81100933E6D /* NewsListCell.swift in Sources */ = {isa = PBXBuildFile; fileRef = 188C7D4925C6F81100933E6D /* NewsListCell.swift */; };
		188C7D4D25C6FDB200933E6D /* NewsListViewModel.swift in Sources */ = {isa = PBXBuildFile; fileRef = 188C7D4C25C6FDB200933E6D /* NewsListViewModel.swift */; };
		18EF61BC25C22BD500817913 /* ChartListCell.swift in Sources */ = {isa = PBXBuildFile; fileRef = 18EF61BB25C22BD500817913 /* ChartListCell.swift */; };
		8FD081D59C1FCF8EB73DDF88 /* Pods_CoinFlowMVVMAgain.framework in Frameworks */ = {isa = PBXBuildFile; fileRef = 2066E1A9B19D50FBCFA13B48 /* Pods_CoinFlowMVVMAgain.framework */; };
/* End PBXBuildFile section */

/* Begin PBXFileReference section */
		1815B76125C0596400FE9235 /* CoinData.swift */ = {isa = PBXFileReference; lastKnownFileType = sourcecode.swift; path = CoinData.swift; sourceTree = "<group>"; };
		1815B76525C0596B00FE9235 /* ChartData.swift */ = {isa = PBXFileReference; lastKnownFileType = sourcecode.swift; path = ChartData.swift; sourceTree = "<group>"; };
		1815B76825C0597300FE9235 /* Article.swift */ = {isa = PBXFileReference; lastKnownFileType = sourcecode.swift; path = Article.swift; sourceTree = "<group>"; };
		1815B76D25C05BA100FE9235 /* NetworkManager.swift */ = {isa = PBXFileReference; lastKnownFileType = sourcecode.swift; path = NetworkManager.swift; sourceTree = "<group>"; };
		1833380A25C7691600CFFB7F /* ChartDetailViewModel.swift */ = {isa = PBXFileReference; lastKnownFileType = sourcecode.swift; path = ChartDetailViewModel.swift; sourceTree = "<group>"; };
		1833380D25C773B300CFFB7F /* ChartCardCellViewModel.swift */ = {isa = PBXFileReference; lastKnownFileType = sourcecode.swift; path = ChartCardCellViewModel.swift; sourceTree = "<group>"; };
		1833381125C77B3100CFFB7F /* ChartListViewModel.swift */ = {isa = PBXFileReference; lastKnownFileType = sourcecode.swift; path = ChartListViewModel.swift; sourceTree = "<group>"; };
		183AB11525B91C5600E8B0C0 /* API_TEST.playground */ = {isa = PBXFileReference; lastKnownFileType = file.playground; path = API_TEST.playground; sourceTree = "<group>"; xcLanguageSpecificationIdentifier = xcode.lang.swift; };
		1844DA7E25B78B6F001D3467 /* Base */ = {isa = PBXFileReference; lastKnownFileType = file.storyboard; name = Base; path = CoinFlowMVVMAgain/Base.lproj/Chart.storyboard; sourceTree = SOURCE_ROOT; };
		1844DA8125B78B8D001D3467 /* News.storyboard */ = {isa = PBXFileReference; fileEncoding = 4; lastKnownFileType = file.storyboard; path = News.storyboard; sourceTree = SOURCE_ROOT; };
		1844DA8525B78B9D001D3467 /* Base */ = {isa = PBXFileReference; lastKnownFileType = file.storyboard; name = Base; path = CoinFlowMVVMAgain/Base.lproj/Setting.storyboard; sourceTree = SOURCE_ROOT; };
		1844DA8825B79982001D3467 /* UIColor.swift */ = {isa = PBXFileReference; lastKnownFileType = sourcecode.swift; path = UIColor.swift; sourceTree = "<group>"; };
		186815E125C438AC00516C5B /* ChartXAxisValueFormatter.swift */ = {isa = PBXFileReference; lastKnownFileType = sourcecode.swift; path = ChartXAxisValueFormatter.swift; sourceTree = "<group>"; };
		186815E425C440F600516C5B /* ChartCardCell.swift */ = {isa = PBXFileReference; lastKnownFileType = sourcecode.swift; path = ChartCardCell.swift; sourceTree = "<group>"; };
		187C19A025B63BFD00FD8770 /* CoinFlowMVVMAgain.app */ = {isa = PBXFileReference; explicitFileType = wrapper.application; includeInIndex = 0; path = CoinFlowMVVMAgain.app; sourceTree = BUILT_PRODUCTS_DIR; };
		187C19A325B63BFD00FD8770 /* AppDelegate.swift */ = {isa = PBXFileReference; lastKnownFileType = sourcecode.swift; path = AppDelegate.swift; sourceTree = "<group>"; };
		187C19A525B63BFD00FD8770 /* SceneDelegate.swift */ = {isa = PBXFileReference; lastKnownFileType = sourcecode.swift; path = SceneDelegate.swift; sourceTree = "<group>"; };
		187C19AA25B63BFD00FD8770 /* Base */ = {isa = PBXFileReference; lastKnownFileType = file.storyboard; name = Base; path = Base.lproj/Main.storyboard; sourceTree = "<group>"; };
		187C19AC25B63BFE00FD8770 /* Assets.xcassets */ = {isa = PBXFileReference; lastKnownFileType = folder.assetcatalog; path = Assets.xcassets; sourceTree = "<group>"; };
		187C19AF25B63BFE00FD8770 /* Base */ = {isa = PBXFileReference; lastKnownFileType = file.storyboard; name = Base; path = Base.lproj/LaunchScreen.storyboard; sourceTree = "<group>"; };
		187C19B125B63BFE00FD8770 /* Info.plist */ = {isa = PBXFileReference; lastKnownFileType = text.plist.xml; path = Info.plist; sourceTree = "<group>"; };
		187C19B825B640A700FD8770 /* ChartListViewController.swift */ = {isa = PBXFileReference; lastKnownFileType = sourcecode.swift; path = ChartListViewController.swift; sourceTree = "<group>"; };
		187C19BB25B640B100FD8770 /* NewsViewController.swift */ = {isa = PBXFileReference; lastKnownFileType = sourcecode.swift; path = NewsViewController.swift; sourceTree = "<group>"; };
		187C19BE25B640BA00FD8770 /* SettingViewController.swift */ = {isa = PBXFileReference; lastKnownFileType = sourcecode.swift; path = SettingViewController.swift; sourceTree = "<group>"; };
		187C19C425B6412900FD8770 /* ChartDetailViewController.swift */ = {isa = PBXFileReference; lastKnownFileType = sourcecode.swift; path = ChartDetailViewController.swift; sourceTree = "<group>"; };
		187DF00D25C100F90046F437 /* EndPoint.swift */ = {isa = PBXFileReference; lastKnownFileType = sourcecode.swift; path = EndPoint.swift; sourceTree = "<group>"; };
		187DF01125C101080046F437 /* Request.swift */ = {isa = PBXFileReference; lastKnownFileType = sourcecode.swift; path = Request.swift; sourceTree = "<group>"; };
		187DF01425C104D80046F437 /* CoinListRequest.swift */ = {isa = PBXFileReference; lastKnownFileType = sourcecode.swift; path = CoinListRequest.swift; sourceTree = "<group>"; };
		187DF01725C105C20046F437 /* CoinChartDataRequest.swift */ = {isa = PBXFileReference; lastKnownFileType = sourcecode.swift; path = CoinChartDataRequest.swift; sourceTree = "<group>"; };
		187DF01A25C106090046F437 /* Period.swift */ = {isa = PBXFileReference; lastKnownFileType = sourcecode.swift; path = Period.swift; sourceTree = "<group>"; };
		187DF01D25C107CD0046F437 /* NewsListRequest.swift */ = {isa = PBXFileReference; lastKnownFileType = sourcecode.swift; path = NewsListRequest.swift; sourceTree = "<group>"; };
		188C7D4925C6F81100933E6D /* NewsListCell.swift */ = {isa = PBXFileReference; lastKnownFileType = sourcecode.swift; path = NewsListCell.swift; sourceTree = "<group>"; };
		188C7D4C25C6FDB200933E6D /* NewsListViewModel.swift */ = {isa = PBXFileReference; lastKnownFileType = sourcecode.swift; path = NewsListViewModel.swift; sourceTree = "<group>"; };
		18EF61B925C21D5100817913 /* ZIP_TEST.playground */ = {isa = PBXFileReference; lastKnownFileType = file.playground; path = ZIP_TEST.playground; sourceTree = "<group>"; xcLanguageSpecificationIdentifier = xcode.lang.swift; };
		18EF61BB25C22BD500817913 /* ChartListCell.swift */ = {isa = PBXFileReference; lastKnownFileType = sourcecode.swift; path = ChartListCell.swift; sourceTree = "<group>"; };
		2066E1A9B19D50FBCFA13B48 /* Pods_CoinFlowMVVMAgain.framework */ = {isa = PBXFileReference; explicitFileType = wrapper.framework; includeInIndex = 0; path = Pods_CoinFlowMVVMAgain.framework; sourceTree = BUILT_PRODUCTS_DIR; };
		2405FB80249FDBA3395F11FB /* Pods-CoinFlowMVVMAgain.debug.xcconfig */ = {isa = PBXFileReference; includeInIndex = 1; lastKnownFileType = text.xcconfig; name = "Pods-CoinFlowMVVMAgain.debug.xcconfig"; path = "Target Support Files/Pods-CoinFlowMVVMAgain/Pods-CoinFlowMVVMAgain.debug.xcconfig"; sourceTree = "<group>"; };
		934FA976911E7A4A843AE699 /* Pods-CoinFlowMVVMAgain.release.xcconfig */ = {isa = PBXFileReference; includeInIndex = 1; lastKnownFileType = text.xcconfig; name = "Pods-CoinFlowMVVMAgain.release.xcconfig"; path = "Target Support Files/Pods-CoinFlowMVVMAgain/Pods-CoinFlowMVVMAgain.release.xcconfig"; sourceTree = "<group>"; };
/* End PBXFileReference section */

/* Begin PBXFrameworksBuildPhase section */
		187C199D25B63BFD00FD8770 /* Frameworks */ = {
			isa = PBXFrameworksBuildPhase;
			buildActionMask = 2147483647;
			files = (
				8FD081D59C1FCF8EB73DDF88 /* Pods_CoinFlowMVVMAgain.framework in Frameworks */,
			);
			runOnlyForDeploymentPostprocessing = 0;
		};
/* End PBXFrameworksBuildPhase section */

/* Begin PBXGroup section */
		1815B76025C0594B00FE9235 /* Model */ = {
			isa = PBXGroup;
			children = (
				1815B76825C0597300FE9235 /* Article.swift */,
				1815B76525C0596B00FE9235 /* ChartData.swift */,
				1815B76125C0596400FE9235 /* CoinData.swift */,
				187DF01A25C106090046F437 /* Period.swift */,
			);
			path = Model;
			sourceTree = "<group>";
		};
		1815B76C25C05B8300FE9235 /* Network */ = {
			isa = PBXGroup;
			children = (
				1815B76D25C05BA100FE9235 /* NetworkManager.swift */,
				187DF00D25C100F90046F437 /* EndPoint.swift */,
				187DF01125C101080046F437 /* Request.swift */,
				187DF01425C104D80046F437 /* CoinListRequest.swift */,
				187DF01725C105C20046F437 /* CoinChartDataRequest.swift */,
				187DF01D25C107CD0046F437 /* NewsListRequest.swift */,
			);
			path = Network;
			sourceTree = "<group>";
		};
		1844DA8B25B79989001D3467 /* Extension */ = {
			isa = PBXGroup;
			children = (
				1844DA8825B79982001D3467 /* UIColor.swift */,
			);
			path = Extension;
			sourceTree = "<group>";
		};
		187C199725B63BFD00FD8770 = {
			isa = PBXGroup;
			children = (
				187C19A225B63BFD00FD8770 /* CoinFlowMVVMAgain */,
				187C19A125B63BFD00FD8770 /* Products */,
				DE1E18A1B2C9C28E2D1B4402 /* Pods */,
				E0F459D2BB405F77FB492303 /* Frameworks */,
			);
			sourceTree = "<group>";
		};
		187C19A125B63BFD00FD8770 /* Products */ = {
			isa = PBXGroup;
			children = (
				187C19A025B63BFD00FD8770 /* CoinFlowMVVMAgain.app */,
			);
			name = Products;
			sourceTree = "<group>";
		};
		187C19A225B63BFD00FD8770 /* CoinFlowMVVMAgain */ = {
			isa = PBXGroup;
			children = (
				1815B76C25C05B8300FE9235 /* Network */,
				1815B76025C0594B00FE9235 /* Model */,
				187C19C325B640E900FD8770 /* Chart */,
				187C19C225B640E600FD8770 /* News */,
				187C19C125B640D800FD8770 /* Setting */,
				187C19A325B63BFD00FD8770 /* AppDelegate.swift */,
				187C19A925B63BFD00FD8770 /* Main.storyboard */,
				187C19A525B63BFD00FD8770 /* SceneDelegate.swift */,
				187C19AC25B63BFE00FD8770 /* Assets.xcassets */,
				187C19AE25B63BFE00FD8770 /* LaunchScreen.storyboard */,
				187C19B125B63BFE00FD8770 /* Info.plist */,
				1844DA8B25B79989001D3467 /* Extension */,
				183AB11525B91C5600E8B0C0 /* API_TEST.playground */,
				18EF61B925C21D5100817913 /* ZIP_TEST.playground */,
			);
			path = CoinFlowMVVMAgain;
			sourceTree = "<group>";
		};
		187C19C125B640D800FD8770 /* Setting */ = {
			isa = PBXGroup;
			children = (
				1844DA8425B78B9D001D3467 /* Setting.storyboard */,
				187C19BE25B640BA00FD8770 /* SettingViewController.swift */,
			);
			path = Setting;
			sourceTree = "<group>";
		};
		187C19C225B640E600FD8770 /* News */ = {
			isa = PBXGroup;
			children = (
				1844DA8125B78B8D001D3467 /* News.storyboard */,
				187C19BB25B640B100FD8770 /* NewsViewController.swift */,
				188C7D4925C6F81100933E6D /* NewsListCell.swift */,
				188C7D4C25C6FDB200933E6D /* NewsListViewModel.swift */,
			);
			path = News;
			sourceTree = "<group>";
		};
		187C19C325B640E900FD8770 /* Chart */ = {
			isa = PBXGroup;
			children = (
				1844DA7D25B78B6F001D3467 /* Chart.storyboard */,
				187C19B825B640A700FD8770 /* ChartListViewController.swift */,
				1833381125C77B3100CFFB7F /* ChartListViewModel.swift */,
				187C19C425B6412900FD8770 /* ChartDetailViewController.swift */,
				1833380A25C7691600CFFB7F /* ChartDetailViewModel.swift */,
				18EF61BB25C22BD500817913 /* ChartListCell.swift */,
				186815E125C438AC00516C5B /* ChartXAxisValueFormatter.swift */,
				186815E425C440F600516C5B /* ChartCardCell.swift */,
				1833380D25C773B300CFFB7F /* ChartCardCellViewModel.swift */,
			);
			path = Chart;
			sourceTree = "<group>";
		};
		DE1E18A1B2C9C28E2D1B4402 /* Pods */ = {
			isa = PBXGroup;
			children = (
				2405FB80249FDBA3395F11FB /* Pods-CoinFlowMVVMAgain.debug.xcconfig */,
				934FA976911E7A4A843AE699 /* Pods-CoinFlowMVVMAgain.release.xcconfig */,
			);
			path = Pods;
			sourceTree = "<group>";
		};
		E0F459D2BB405F77FB492303 /* Frameworks */ = {
			isa = PBXGroup;
			children = (
				2066E1A9B19D50FBCFA13B48 /* Pods_CoinFlowMVVMAgain.framework */,
			);
			name = Frameworks;
			sourceTree = "<group>";
		};
/* End PBXGroup section */

/* Begin PBXNativeTarget section */
		187C199F25B63BFD00FD8770 /* CoinFlowMVVMAgain */ = {
			isa = PBXNativeTarget;
			buildConfigurationList = 187C19B425B63BFE00FD8770 /* Build configuration list for PBXNativeTarget "CoinFlowMVVMAgain" */;
			buildPhases = (
				383CF10396487E89343D3127 /* [CP] Check Pods Manifest.lock */,
				187C199C25B63BFD00FD8770 /* Sources */,
				187C199D25B63BFD00FD8770 /* Frameworks */,
				187C199E25B63BFD00FD8770 /* Resources */,
				23999DC4A9D2943ECE3047E7 /* [CP] Embed Pods Frameworks */,
			);
			buildRules = (
			);
			dependencies = (
			);
			name = CoinFlowMVVMAgain;
			productName = CoinFlowMVVMAgain;
			productReference = 187C19A025B63BFD00FD8770 /* CoinFlowMVVMAgain.app */;
			productType = "com.apple.product-type.application";
		};
/* End PBXNativeTarget section */

/* Begin PBXProject section */
		187C199825B63BFD00FD8770 /* Project object */ = {
			isa = PBXProject;
			attributes = {
				LastSwiftUpdateCheck = 1230;
				LastUpgradeCheck = 1230;
				TargetAttributes = {
					187C199F25B63BFD00FD8770 = {
						CreatedOnToolsVersion = 12.3;
					};
				};
			};
			buildConfigurationList = 187C199B25B63BFD00FD8770 /* Build configuration list for PBXProject "CoinFlowMVVMAgain" */;
			compatibilityVersion = "Xcode 9.3";
			developmentRegion = en;
			hasScannedForEncodings = 0;
			knownRegions = (
				en,
				Base,
			);
			mainGroup = 187C199725B63BFD00FD8770;
			productRefGroup = 187C19A125B63BFD00FD8770 /* Products */;
			projectDirPath = "";
			projectRoot = "";
			targets = (
				187C199F25B63BFD00FD8770 /* CoinFlowMVVMAgain */,
			);
		};
/* End PBXProject section */

/* Begin PBXResourcesBuildPhase section */
		187C199E25B63BFD00FD8770 /* Resources */ = {
			isa = PBXResourcesBuildPhase;
			buildActionMask = 2147483647;
			files = (
				187C19B025B63BFE00FD8770 /* LaunchScreen.storyboard in Resources */,
				1844DA7F25B78B6F001D3467 /* Chart.storyboard in Resources */,
				1844DA8225B78B8D001D3467 /* News.storyboard in Resources */,
				187C19AD25B63BFE00FD8770 /* Assets.xcassets in Resources */,
				187C19AB25B63BFD00FD8770 /* Main.storyboard in Resources */,
				1844DA8625B78B9D001D3467 /* Setting.storyboard in Resources */,
			);
			runOnlyForDeploymentPostprocessing = 0;
		};
/* End PBXResourcesBuildPhase section */

/* Begin PBXShellScriptBuildPhase section */
		23999DC4A9D2943ECE3047E7 /* [CP] Embed Pods Frameworks */ = {
			isa = PBXShellScriptBuildPhase;
			buildActionMask = 2147483647;
			files = (
			);
			inputFileListPaths = (
				"${PODS_ROOT}/Target Support Files/Pods-CoinFlowMVVMAgain/Pods-CoinFlowMVVMAgain-frameworks-${CONFIGURATION}-input-files.xcfilelist",
			);
			name = "[CP] Embed Pods Frameworks";
			outputFileListPaths = (
				"${PODS_ROOT}/Target Support Files/Pods-CoinFlowMVVMAgain/Pods-CoinFlowMVVMAgain-frameworks-${CONFIGURATION}-output-files.xcfilelist",
			);
			runOnlyForDeploymentPostprocessing = 0;
			shellPath = /bin/sh;
			shellScript = "\"${PODS_ROOT}/Target Support Files/Pods-CoinFlowMVVMAgain/Pods-CoinFlowMVVMAgain-frameworks.sh\"\n";
			showEnvVarsInLog = 0;
		};
		383CF10396487E89343D3127 /* [CP] Check Pods Manifest.lock */ = {
			isa = PBXShellScriptBuildPhase;
			buildActionMask = 2147483647;
			files = (
			);
			inputFileListPaths = (
			);
			inputPaths = (
				"${PODS_PODFILE_DIR_PATH}/Podfile.lock",
				"${PODS_ROOT}/Manifest.lock",
			);
			name = "[CP] Check Pods Manifest.lock";
			outputFileListPaths = (
			);
			outputPaths = (
				"$(DERIVED_FILE_DIR)/Pods-CoinFlowMVVMAgain-checkManifestLockResult.txt",
			);
			runOnlyForDeploymentPostprocessing = 0;
			shellPath = /bin/sh;
			shellScript = "diff \"${PODS_PODFILE_DIR_PATH}/Podfile.lock\" \"${PODS_ROOT}/Manifest.lock\" > /dev/null\nif [ $? != 0 ] ; then\n    # print error to STDERR\n    echo \"error: The sandbox is not in sync with the Podfile.lock. Run 'pod install' or update your CocoaPods installation.\" >&2\n    exit 1\nfi\n# This output is used by Xcode 'outputs' to avoid re-running this script phase.\necho \"SUCCESS\" > \"${SCRIPT_OUTPUT_FILE_0}\"\n";
			showEnvVarsInLog = 0;
		};
/* End PBXShellScriptBuildPhase section */

/* Begin PBXSourcesBuildPhase section */
		187C199C25B63BFD00FD8770 /* Sources */ = {
			isa = PBXSourcesBuildPhase;
			buildActionMask = 2147483647;
			files = (
				186815E225C438AC00516C5B /* ChartXAxisValueFormatter.swift in Sources */,
				18EF61BC25C22BD500817913 /* ChartListCell.swift in Sources */,
				187C19C525B6412900FD8770 /* ChartDetailViewController.swift in Sources */,
				188C7D4A25C6F81100933E6D /* NewsListCell.swift in Sources */,
				187DF01225C101080046F437 /* Request.swift in Sources */,
				1844DA8925B79982001D3467 /* UIColor.swift in Sources */,
				187C19B925B640A700FD8770 /* ChartListViewController.swift in Sources */,
				1833380E25C773B300CFFB7F /* ChartCardCellViewModel.swift in Sources */,
				186815E525C440F600516C5B /* ChartCardCell.swift in Sources */,
				187C19A425B63BFD00FD8770 /* AppDelegate.swift in Sources */,
				187DF01825C105C20046F437 /* CoinChartDataRequest.swift in Sources */,
				1815B76E25C05BA100FE9235 /* NetworkManager.swift in Sources */,
				188C7D4D25C6FDB200933E6D /* NewsListViewModel.swift in Sources */,
				1815B76925C0597300FE9235 /* Article.swift in Sources */,
				1815B76625C0596B00FE9235 /* ChartData.swift in Sources */,
				1815B76225C0596400FE9235 /* CoinData.swift in Sources */,
				1833380B25C7691600CFFB7F /* ChartDetailViewModel.swift in Sources */,
				187DF01B25C106090046F437 /* Period.swift in Sources */,
				187C19BC25B640B100FD8770 /* NewsViewController.swift in Sources */,
				187C19A625B63BFD00FD8770 /* SceneDelegate.swift in Sources */,
				187DF00E25C100F90046F437 /* EndPoint.swift in Sources */,
				187DF01E25C107CD0046F437 /* NewsListRequest.swift in Sources */,
				187DF01525C104D80046F437 /* CoinListRequest.swift in Sources */,
				1833381225C77B3100CFFB7F /* ChartListViewModel.swift in Sources */,
				187C19BF25B640BA00FD8770 /* SettingViewController.swift in Sources */,
			);
			runOnlyForDeploymentPostprocessing = 0;
		};
/* End PBXSourcesBuildPhase section */

/* Begin PBXVariantGroup section */
		1844DA7D25B78B6F001D3467 /* Chart.storyboard */ = {
			isa = PBXVariantGroup;
			children = (
				1844DA7E25B78B6F001D3467 /* Base */,
			);
			name = Chart.storyboard;
			sourceTree = "<group>";
		};
		1844DA8425B78B9D001D3467 /* Setting.storyboard */ = {
			isa = PBXVariantGroup;
			children = (
				1844DA8525B78B9D001D3467 /* Base */,
			);
			name = Setting.storyboard;
			sourceTree = "<group>";
		};
		187C19A925B63BFD00FD8770 /* Main.storyboard */ = {
			isa = PBXVariantGroup;
			children = (
				187C19AA25B63BFD00FD8770 /* Base */,
			);
			name = Main.storyboard;
			sourceTree = "<group>";
		};
		187C19AE25B63BFE00FD8770 /* LaunchScreen.storyboard */ = {
			isa = PBXVariantGroup;
			children = (
				187C19AF25B63BFE00FD8770 /* Base */,
			);
			name = LaunchScreen.storyboard;
			sourceTree = "<group>";
		};
/* End PBXVariantGroup section */

/* Begin XCBuildConfiguration section */
		187C19B225B63BFE00FD8770 /* Debug */ = {
			isa = XCBuildConfiguration;
			buildSettings = {
				ALWAYS_SEARCH_USER_PATHS = NO;
				CLANG_ANALYZER_NONNULL = YES;
				CLANG_ANALYZER_NUMBER_OBJECT_CONVERSION = YES_AGGRESSIVE;
				CLANG_CXX_LANGUAGE_STANDARD = "gnu++14";
				CLANG_CXX_LIBRARY = "libc++";
				CLANG_ENABLE_MODULES = YES;
				CLANG_ENABLE_OBJC_ARC = YES;
				CLANG_ENABLE_OBJC_WEAK = YES;
				CLANG_WARN_BLOCK_CAPTURE_AUTORELEASING = YES;
				CLANG_WARN_BOOL_CONVERSION = YES;
				CLANG_WARN_COMMA = YES;
				CLANG_WARN_CONSTANT_CONVERSION = YES;
				CLANG_WARN_DEPRECATED_OBJC_IMPLEMENTATIONS = YES;
				CLANG_WARN_DIRECT_OBJC_ISA_USAGE = YES_ERROR;
				CLANG_WARN_DOCUMENTATION_COMMENTS = YES;
				CLANG_WARN_EMPTY_BODY = YES;
				CLANG_WARN_ENUM_CONVERSION = YES;
				CLANG_WARN_INFINITE_RECURSION = YES;
				CLANG_WARN_INT_CONVERSION = YES;
				CLANG_WARN_NON_LITERAL_NULL_CONVERSION = YES;
				CLANG_WARN_OBJC_IMPLICIT_RETAIN_SELF = YES;
				CLANG_WARN_OBJC_LITERAL_CONVERSION = YES;
				CLANG_WARN_OBJC_ROOT_CLASS = YES_ERROR;
				CLANG_WARN_QUOTED_INCLUDE_IN_FRAMEWORK_HEADER = YES;
				CLANG_WARN_RANGE_LOOP_ANALYSIS = YES;
				CLANG_WARN_STRICT_PROTOTYPES = YES;
				CLANG_WARN_SUSPICIOUS_MOVE = YES;
				CLANG_WARN_UNGUARDED_AVAILABILITY = YES_AGGRESSIVE;
				CLANG_WARN_UNREACHABLE_CODE = YES;
				CLANG_WARN__DUPLICATE_METHOD_MATCH = YES;
				COPY_PHASE_STRIP = NO;
				DEBUG_INFORMATION_FORMAT = dwarf;
				ENABLE_STRICT_OBJC_MSGSEND = YES;
				ENABLE_TESTABILITY = YES;
				GCC_C_LANGUAGE_STANDARD = gnu11;
				GCC_DYNAMIC_NO_PIC = NO;
				GCC_NO_COMMON_BLOCKS = YES;
				GCC_OPTIMIZATION_LEVEL = 0;
				GCC_PREPROCESSOR_DEFINITIONS = (
					"DEBUG=1",
					"$(inherited)",
				);
				GCC_WARN_64_TO_32_BIT_CONVERSION = YES;
				GCC_WARN_ABOUT_RETURN_TYPE = YES_ERROR;
				GCC_WARN_UNDECLARED_SELECTOR = YES;
				GCC_WARN_UNINITIALIZED_AUTOS = YES_AGGRESSIVE;
				GCC_WARN_UNUSED_FUNCTION = YES;
				GCC_WARN_UNUSED_VARIABLE = YES;
				IPHONEOS_DEPLOYMENT_TARGET = 14.3;
				MTL_ENABLE_DEBUG_INFO = INCLUDE_SOURCE;
				MTL_FAST_MATH = YES;
				ONLY_ACTIVE_ARCH = YES;
				SDKROOT = iphoneos;
				SWIFT_ACTIVE_COMPILATION_CONDITIONS = DEBUG;
				SWIFT_OPTIMIZATION_LEVEL = "-Onone";
			};
			name = Debug;
		};
		187C19B325B63BFE00FD8770 /* Release */ = {
			isa = XCBuildConfiguration;
			buildSettings = {
				ALWAYS_SEARCH_USER_PATHS = NO;
				CLANG_ANALYZER_NONNULL = YES;
				CLANG_ANALYZER_NUMBER_OBJECT_CONVERSION = YES_AGGRESSIVE;
				CLANG_CXX_LANGUAGE_STANDARD = "gnu++14";
				CLANG_CXX_LIBRARY = "libc++";
				CLANG_ENABLE_MODULES = YES;
				CLANG_ENABLE_OBJC_ARC = YES;
				CLANG_ENABLE_OBJC_WEAK = YES;
				CLANG_WARN_BLOCK_CAPTURE_AUTORELEASING = YES;
				CLANG_WARN_BOOL_CONVERSION = YES;
				CLANG_WARN_COMMA = YES;
				CLANG_WARN_CONSTANT_CONVERSION = YES;
				CLANG_WARN_DEPRECATED_OBJC_IMPLEMENTATIONS = YES;
				CLANG_WARN_DIRECT_OBJC_ISA_USAGE = YES_ERROR;
				CLANG_WARN_DOCUMENTATION_COMMENTS = YES;
				CLANG_WARN_EMPTY_BODY = YES;
				CLANG_WARN_ENUM_CONVERSION = YES;
				CLANG_WARN_INFINITE_RECURSION = YES;
				CLANG_WARN_INT_CONVERSION = YES;
				CLANG_WARN_NON_LITERAL_NULL_CONVERSION = YES;
				CLANG_WARN_OBJC_IMPLICIT_RETAIN_SELF = YES;
				CLANG_WARN_OBJC_LITERAL_CONVERSION = YES;
				CLANG_WARN_OBJC_ROOT_CLASS = YES_ERROR;
				CLANG_WARN_QUOTED_INCLUDE_IN_FRAMEWORK_HEADER = YES;
				CLANG_WARN_RANGE_LOOP_ANALYSIS = YES;
				CLANG_WARN_STRICT_PROTOTYPES = YES;
				CLANG_WARN_SUSPICIOUS_MOVE = YES;
				CLANG_WARN_UNGUARDED_AVAILABILITY = YES_AGGRESSIVE;
				CLANG_WARN_UNREACHABLE_CODE = YES;
				CLANG_WARN__DUPLICATE_METHOD_MATCH = YES;
				COPY_PHASE_STRIP = NO;
				DEBUG_INFORMATION_FORMAT = "dwarf-with-dsym";
				ENABLE_NS_ASSERTIONS = NO;
				ENABLE_STRICT_OBJC_MSGSEND = YES;
				GCC_C_LANGUAGE_STANDARD = gnu11;
				GCC_NO_COMMON_BLOCKS = YES;
				GCC_WARN_64_TO_32_BIT_CONVERSION = YES;
				GCC_WARN_ABOUT_RETURN_TYPE = YES_ERROR;
				GCC_WARN_UNDECLARED_SELECTOR = YES;
				GCC_WARN_UNINITIALIZED_AUTOS = YES_AGGRESSIVE;
				GCC_WARN_UNUSED_FUNCTION = YES;
				GCC_WARN_UNUSED_VARIABLE = YES;
				IPHONEOS_DEPLOYMENT_TARGET = 14.3;
				MTL_ENABLE_DEBUG_INFO = NO;
				MTL_FAST_MATH = YES;
				SDKROOT = iphoneos;
				SWIFT_COMPILATION_MODE = wholemodule;
				SWIFT_OPTIMIZATION_LEVEL = "-O";
				VALIDATE_PRODUCT = YES;
			};
			name = Release;
		};
		187C19B525B63BFE00FD8770 /* Debug */ = {
			isa = XCBuildConfiguration;
			baseConfigurationReference = 2405FB80249FDBA3395F11FB /* Pods-CoinFlowMVVMAgain.debug.xcconfig */;
			buildSettings = {
				ASSETCATALOG_COMPILER_APPICON_NAME = AppIcon;
				ASSETCATALOG_COMPILER_GLOBAL_ACCENT_COLOR_NAME = AccentColor;
				CODE_SIGN_STYLE = Automatic;
				DEVELOPMENT_TEAM = GKWNA6U353;
				INFOPLIST_FILE = CoinFlowMVVMAgain/Info.plist;
				LD_RUNPATH_SEARCH_PATHS = (
					"$(inherited)",
					"@executable_path/Frameworks",
				);
				PRODUCT_BUNDLE_IDENTIFIER = com.JeongminKim.CoinFlowMVVMAgain;
				PRODUCT_NAME = "$(TARGET_NAME)";
				SWIFT_VERSION = 5.0;
				TARGETED_DEVICE_FAMILY = "1,2";
			};
			name = Debug;
		};
		187C19B625B63BFE00FD8770 /* Release */ = {
			isa = XCBuildConfiguration;
			baseConfigurationReference = 934FA976911E7A4A843AE699 /* Pods-CoinFlowMVVMAgain.release.xcconfig */;
			buildSettings = {
				ASSETCATALOG_COMPILER_APPICON_NAME = AppIcon;
				ASSETCATALOG_COMPILER_GLOBAL_ACCENT_COLOR_NAME = AccentColor;
				CODE_SIGN_STYLE = Automatic;
				DEVELOPMENT_TEAM = GKWNA6U353;
				INFOPLIST_FILE = CoinFlowMVVMAgain/Info.plist;
				LD_RUNPATH_SEARCH_PATHS = (
					"$(inherited)",
					"@executable_path/Frameworks",
				);
				PRODUCT_BUNDLE_IDENTIFIER = com.JeongminKim.CoinFlowMVVMAgain;
				PRODUCT_NAME = "$(TARGET_NAME)";
				SWIFT_VERSION = 5.0;
				TARGETED_DEVICE_FAMILY = "1,2";
			};
			name = Release;
		};
/* End XCBuildConfiguration section */

/* Begin XCConfigurationList section */
		187C199B25B63BFD00FD8770 /* Build configuration list for PBXProject "CoinFlowMVVMAgain" */ = {
			isa = XCConfigurationList;
			buildConfigurations = (
				187C19B225B63BFE00FD8770 /* Debug */,
				187C19B325B63BFE00FD8770 /* Release */,
			);
			defaultConfigurationIsVisible = 0;
			defaultConfigurationName = Release;
		};
		187C19B425B63BFE00FD8770 /* Build configuration list for PBXNativeTarget "CoinFlowMVVMAgain" */ = {
			isa = XCConfigurationList;
			buildConfigurations = (
				187C19B525B63BFE00FD8770 /* Debug */,
				187C19B625B63BFE00FD8770 /* Release */,
			);
			defaultConfigurationIsVisible = 0;
			defaultConfigurationName = Release;
		};
/* End XCConfigurationList section */
	};
	rootObject = 187C199825B63BFD00FD8770 /* Project object */;
}
